# THIS IS AN AUTOGENERATED FILE. DO NOT EDIT THIS FILE DIRECTLY.
# yarn lockfile v1


esm@^3.2.5:
  version "3.2.5"
  resolved "https://registry.yarnpkg.com/esm/-/esm-3.2.5.tgz#036e410a2373ea81bfe62166c419ca0b0cf85c09"
  integrity sha512-rukU6Nd3agbHQCJWV4rrlZxqpbO3ix8qhUxK1BhKALGS2E465O0BFwgCOqJjNnYfO/I2MwpUBmPsW8DXoe8tcA==

fast-speed-test@^1.1.0:
  version "1.1.0"
  resolved "https://registry.yarnpkg.com/fast-speed-test/-/fast-speed-test-1.1.0.tgz#ca5140d9643ffea7e7c0b4bde1066a11bb34b102"
  integrity sha512-FrSRXp+9AW833JlAqva6p9wHPNQz+CHQN/SmlBlsRPTaf0rv8McL1CMUO+0PIt0lHGhk/uOpd/Y9KRkJS9C2jw==
